// !$*UTF8*$!
{
	archiveVersion = 1;
	classes = {
	};
	objectVersion = 46;
	objects = {

/* Begin PBXBuildFile section */
		910A32F71D9A70BE00722C74 /* SSFSettingBrain.swift in Sources */ = {isa = PBXBuildFile; fileRef = 910A32F61D9A70BE00722C74 /* SSFSettingBrain.swift */; };
		910A32FB1D9A773B00722C74 /* AppDelegate.swift in Sources */ = {isa = PBXBuildFile; fileRef = 910A32F91D9A773B00722C74 /* AppDelegate.swift */; };
		910A32FC1D9A773B00722C74 /* SSFMainTabBarViewController.swift in Sources */ = {isa = PBXBuildFile; fileRef = 910A32FA1D9A773B00722C74 /* SSFMainTabBarViewController.swift */; };
		911459C61D912B770032DE44 /* ConstantValue.swift in Sources */ = {isa = PBXBuildFile; fileRef = 911459C51D912B770032DE44 /* ConstantValue.swift */; };
		911459CA1D91393E0032DE44 /* FetchDataBrain.swift in Sources */ = {isa = PBXBuildFile; fileRef = 911459C91D91393E0032DE44 /* FetchDataBrain.swift */; };
		912D4C1D1D9111DA00CD4FAF /* Record.storyboard in Resources */ = {isa = PBXBuildFile; fileRef = 912D4C191D9111DA00CD4FAF /* Record.storyboard */; };
		912D4C1E1D9111DA00CD4FAF /* Setting.storyboard in Resources */ = {isa = PBXBuildFile; fileRef = 912D4C1B1D9111DA00CD4FAF /* Setting.storyboard */; };
		912D4C251D9123B800CD4FAF /* Alamofire.framework in Frameworks */ = {isa = PBXBuildFile; fileRef = 912D4C241D9123B800CD4FAF /* Alamofire.framework */; };
		9133F8761DAA381A00BE6086 /* WeightAnalysis.xcdatamodeld in Sources */ = {isa = PBXBuildFile; fileRef = 9133F8741DAA381A00BE6086 /* WeightAnalysis.xcdatamodeld */; };
		9133F87B1DAA3CFC00BE6086 /* Record+CoreDataClass.swift in Sources */ = {isa = PBXBuildFile; fileRef = 9133F8771DAA3CFC00BE6086 /* Record+CoreDataClass.swift */; };
		9133F87C1DAA3CFC00BE6086 /* Record+CoreDataProperties.swift in Sources */ = {isa = PBXBuildFile; fileRef = 9133F8781DAA3CFC00BE6086 /* Record+CoreDataProperties.swift */; };
		9133F87D1DAA3CFC00BE6086 /* User+CoreDataClass.swift in Sources */ = {isa = PBXBuildFile; fileRef = 9133F8791DAA3CFC00BE6086 /* User+CoreDataClass.swift */; };
		9133F87E1DAA3CFC00BE6086 /* User+CoreDataProperties.swift in Sources */ = {isa = PBXBuildFile; fileRef = 9133F87A1DAA3CFC00BE6086 /* User+CoreDataProperties.swift */; };
		9133F8801DABA11400BE6086 /* SwiftNotice.swift in Sources */ = {isa = PBXBuildFile; fileRef = 9133F87F1DABA11400BE6086 /* SwiftNotice.swift */; };
		9133F8841DAE0EEF00BE6086 /* LoginAndRegisterView.swift in Sources */ = {isa = PBXBuildFile; fileRef = 9133F8821DAE0EEF00BE6086 /* LoginAndRegisterView.swift */; };
		9133F8851DAE0EEF00BE6086 /* SSFSignInAndUpViewController.swift in Sources */ = {isa = PBXBuildFile; fileRef = 9133F8831DAE0EEF00BE6086 /* SSFSignInAndUpViewController.swift */; };
		913BDC8E1D9106DB00CB3C3D /* Analyse.storyboard in Resources */ = {isa = PBXBuildFile; fileRef = 913BDC8C1D9106DB00CB3C3D /* Analyse.storyboard */; };
		91433BC81D938C5D00F1CBED /* SSFSettingTableViewController.swift in Sources */ = {isa = PBXBuildFile; fileRef = 91433BC51D938C5D00F1CBED /* SSFSettingTableViewController.swift */; };
		9154357E1D8E90C4008C5D84 /* Main.storyboard in Resources */ = {isa = PBXBuildFile; fileRef = 9154357C1D8E90C4008C5D84 /* Main.storyboard */; };
		915435801D8E90C4008C5D84 /* Assets.xcassets in Resources */ = {isa = PBXBuildFile; fileRef = 9154357F1D8E90C4008C5D84 /* Assets.xcassets */; };
		915435831D8E90C4008C5D84 /* LaunchScreen.storyboard in Resources */ = {isa = PBXBuildFile; fileRef = 915435811D8E90C4008C5D84 /* LaunchScreen.storyboard */; };
		91E6EB6B1D925F9B0046403A /* Utility.swift in Sources */ = {isa = PBXBuildFile; fileRef = 91E6EB6A1D925F9B0046403A /* Utility.swift */; };
/* End PBXBuildFile section */

/* Begin PBXFileReference section */
		910A32F61D9A70BE00722C74 /* SSFSettingBrain.swift */ = {isa = PBXFileReference; fileEncoding = 4; lastKnownFileType = sourcecode.swift; path = SSFSettingBrain.swift; sourceTree = "<group>"; };
		910A32F91D9A773B00722C74 /* AppDelegate.swift */ = {isa = PBXFileReference; fileEncoding = 4; lastKnownFileType = sourcecode.swift; path = AppDelegate.swift; sourceTree = "<group>"; };
		910A32FA1D9A773B00722C74 /* SSFMainTabBarViewController.swift */ = {isa = PBXFileReference; fileEncoding = 4; lastKnownFileType = sourcecode.swift; path = SSFMainTabBarViewController.swift; sourceTree = "<group>"; };
		911459C51D912B770032DE44 /* ConstantValue.swift */ = {isa = PBXFileReference; fileEncoding = 4; lastKnownFileType = sourcecode.swift; path = ConstantValue.swift; sourceTree = "<group>"; };
		911459C91D91393E0032DE44 /* FetchDataBrain.swift */ = {isa = PBXFileReference; fileEncoding = 4; lastKnownFileType = sourcecode.swift; path = FetchDataBrain.swift; sourceTree = "<group>"; };
		912D4C1A1D9111DA00CD4FAF /* Base */ = {isa = PBXFileReference; lastKnownFileType = file.storyboard; name = Base; path = Base.lproj/Record.storyboard; sourceTree = "<group>"; };
		912D4C1C1D9111DA00CD4FAF /* Base */ = {isa = PBXFileReference; lastKnownFileType = file.storyboard; name = Base; path = Base.lproj/Setting.storyboard; sourceTree = "<group>"; };
		912D4C241D9123B800CD4FAF /* Alamofire.framework */ = {isa = PBXFileReference; lastKnownFileType = wrapper.framework; name = Alamofire.framework; path = Carthage/Build/iOS/Alamofire.framework; sourceTree = "<group>"; };
		9133F8751DAA381A00BE6086 /* WeightAnalysis.xcdatamodel */ = {isa = PBXFileReference; lastKnownFileType = wrapper.xcdatamodel; path = WeightAnalysis.xcdatamodel; sourceTree = "<group>"; };
		9133F8771DAA3CFC00BE6086 /* Record+CoreDataClass.swift */ = {isa = PBXFileReference; fileEncoding = 4; lastKnownFileType = sourcecode.swift; path = "Record+CoreDataClass.swift"; sourceTree = "<group>"; };
		9133F8781DAA3CFC00BE6086 /* Record+CoreDataProperties.swift */ = {isa = PBXFileReference; fileEncoding = 4; lastKnownFileType = sourcecode.swift; path = "Record+CoreDataProperties.swift"; sourceTree = "<group>"; };
		9133F8791DAA3CFC00BE6086 /* User+CoreDataClass.swift */ = {isa = PBXFileReference; fileEncoding = 4; lastKnownFileType = sourcecode.swift; path = "User+CoreDataClass.swift"; sourceTree = "<group>"; };
		9133F87A1DAA3CFC00BE6086 /* User+CoreDataProperties.swift */ = {isa = PBXFileReference; fileEncoding = 4; lastKnownFileType = sourcecode.swift; path = "User+CoreDataProperties.swift"; sourceTree = "<group>"; };
		9133F87F1DABA11400BE6086 /* SwiftNotice.swift */ = {isa = PBXFileReference; fileEncoding = 4; lastKnownFileType = sourcecode.swift; path = SwiftNotice.swift; sourceTree = "<group>"; };
		9133F8821DAE0EEF00BE6086 /* LoginAndRegisterView.swift */ = {isa = PBXFileReference; fileEncoding = 4; lastKnownFileType = sourcecode.swift; path = LoginAndRegisterView.swift; sourceTree = "<group>"; };
		9133F8831DAE0EEF00BE6086 /* SSFSignInAndUpViewController.swift */ = {isa = PBXFileReference; fileEncoding = 4; lastKnownFileType = sourcecode.swift; path = SSFSignInAndUpViewController.swift; sourceTree = "<group>"; };
		913BDC8D1D9106DB00CB3C3D /* Base */ = {isa = PBXFileReference; lastKnownFileType = file.storyboard; name = Base; path = Base.lproj/Analyse.storyboard; sourceTree = "<group>"; };
		91433BC51D938C5D00F1CBED /* SSFSettingTableViewController.swift */ = {isa = PBXFileReference; fileEncoding = 4; lastKnownFileType = sourcecode.swift; path = SSFSettingTableViewController.swift; sourceTree = "<group>"; };
		915435751D8E90C3008C5D84 /* WeightAnalysis.app */ = {isa = PBXFileReference; explicitFileType = wrapper.application; includeInIndex = 0; path = WeightAnalysis.app; sourceTree = BUILT_PRODUCTS_DIR; };
		9154357D1D8E90C4008C5D84 /* Base */ = {isa = PBXFileReference; lastKnownFileType = file.storyboard; name = Base; path = Base.lproj/Main.storyboard; sourceTree = "<group>"; };
		9154357F1D8E90C4008C5D84 /* Assets.xcassets */ = {isa = PBXFileReference; lastKnownFileType = folder.assetcatalog; path = Assets.xcassets; sourceTree = "<group>"; };
		915435821D8E90C4008C5D84 /* Base */ = {isa = PBXFileReference; lastKnownFileType = file.storyboard; name = Base; path = Base.lproj/LaunchScreen.storyboard; sourceTree = "<group>"; };
		915435841D8E90C4008C5D84 /* Info.plist */ = {isa = PBXFileReference; lastKnownFileType = text.plist.xml; path = Info.plist; sourceTree = "<group>"; };
		9154358B1D8E9413008C5D84 /* WeightAnalysisDocuments.playground */ = {isa = PBXFileReference; lastKnownFileType = file.playground; path = WeightAnalysisDocuments.playground; sourceTree = "<group>"; };
		91E6EB6A1D925F9B0046403A /* Utility.swift */ = {isa = PBXFileReference; fileEncoding = 4; lastKnownFileType = sourcecode.swift; path = Utility.swift; sourceTree = "<group>"; };
		91E6EB6C1D9271BC0046403A /* WeightAnalysis-Bridging-Header.h */ = {isa = PBXFileReference; lastKnownFileType = sourcecode.c.h; name = "WeightAnalysis-Bridging-Header.h"; path = "Main/WeightAnalysis-Bridging-Header.h"; sourceTree = "<group>"; };
/* End PBXFileReference section */

/* Begin PBXFrameworksBuildPhase section */
		915435721D8E90C3008C5D84 /* Frameworks */ = {
			isa = PBXFrameworksBuildPhase;
			buildActionMask = 2147483647;
			files = (
				912D4C251D9123B800CD4FAF /* Alamofire.framework in Frameworks */,
			);
			runOnlyForDeploymentPostprocessing = 0;
		};
/* End PBXFrameworksBuildPhase section */

/* Begin PBXGroup section */
		910A32F51D9A6E9A00722C74 /* model */ = {
			isa = PBXGroup;
			children = (
				910A32F61D9A70BE00722C74 /* SSFSettingBrain.swift */,
			);
			path = model;
			sourceTree = "<group>";
		};
		910A32F81D9A773B00722C74 /* Container */ = {
			isa = PBXGroup;
			children = (
				9154357C1D8E90C4008C5D84 /* Main.storyboard */,
				910A32F91D9A773B00722C74 /* AppDelegate.swift */,
				910A32FA1D9A773B00722C74 /* SSFMainTabBarViewController.swift */,
				9133F8811DAE0EEF00BE6086 /* Login */,
			);
			path = Container;
			sourceTree = "<group>";
		};
		911459C41D912B350032DE44 /* Constant */ = {
			isa = PBXGroup;
			children = (
				911459C51D912B770032DE44 /* ConstantValue.swift */,
			);
			path = Constant;
			sourceTree = "<group>";
		};
		911459C81D9138CE0032DE44 /* Network */ = {
			isa = PBXGroup;
			children = (
				911459C91D91393E0032DE44 /* FetchDataBrain.swift */,
			);
			path = Network;
			sourceTree = "<group>";
		};
		912D4C141D9111AA00CD4FAF /* Main */ = {
			isa = PBXGroup;
			children = (
				910A32F81D9A773B00722C74 /* Container */,
				912D4C161D9111AA00CD4FAF /* Record */,
				912D4C151D9111AA00CD4FAF /* Analyse */,
				912D4C171D9111AA00CD4FAF /* Setting */,
			);
			path = Main;
			sourceTree = "<group>";
		};
		912D4C151D9111AA00CD4FAF /* Analyse */ = {
			isa = PBXGroup;
			children = (
				913BDC8C1D9106DB00CB3C3D /* Analyse.storyboard */,
			);
			path = Analyse;
			sourceTree = "<group>";
		};
		912D4C161D9111AA00CD4FAF /* Record */ = {
			isa = PBXGroup;
			children = (
				912D4C191D9111DA00CD4FAF /* Record.storyboard */,
			);
			path = Record;
			sourceTree = "<group>";
		};
		912D4C171D9111AA00CD4FAF /* Setting */ = {
			isa = PBXGroup;
			children = (
				910A32F51D9A6E9A00722C74 /* model */,
				91433BC71D938C5D00F1CBED /* view */,
				91433BC41D938C5D00F1CBED /* controller */,
			);
			path = Setting;
			sourceTree = "<group>";
		};
		912D4C181D9111B300CD4FAF /* Expand */ = {
			isa = PBXGroup;
			children = (
				9133F8731DAA37F300BE6086 /* CoreData */,
				91E6EB691D925F7F0046403A /* Utility */,
				911459C81D9138CE0032DE44 /* Network */,
				911459C41D912B350032DE44 /* Constant */,
			);
			path = Expand;
			sourceTree = "<group>";
		};
		912D4C231D9123B800CD4FAF /* Frameworks */ = {
			isa = PBXGroup;
			children = (
				912D4C241D9123B800CD4FAF /* Alamofire.framework */,
			);
			name = Frameworks;
			sourceTree = "<group>";
		};
		9133F8731DAA37F300BE6086 /* CoreData */ = {
			isa = PBXGroup;
			children = (
				9133F8771DAA3CFC00BE6086 /* Record+CoreDataClass.swift */,
				9133F8781DAA3CFC00BE6086 /* Record+CoreDataProperties.swift */,
				9133F8791DAA3CFC00BE6086 /* User+CoreDataClass.swift */,
				9133F87A1DAA3CFC00BE6086 /* User+CoreDataProperties.swift */,
				9133F8741DAA381A00BE6086 /* WeightAnalysis.xcdatamodeld */,
			);
			path = CoreData;
			sourceTree = "<group>";
		};
		9133F8811DAE0EEF00BE6086 /* Login */ = {
			isa = PBXGroup;
			children = (
				9133F8821DAE0EEF00BE6086 /* LoginAndRegisterView.swift */,
				9133F8831DAE0EEF00BE6086 /* SSFSignInAndUpViewController.swift */,
			);
			path = Login;
			sourceTree = "<group>";
		};
		91433BC41D938C5D00F1CBED /* controller */ = {
			isa = PBXGroup;
			children = (
				91433BC51D938C5D00F1CBED /* SSFSettingTableViewController.swift */,
			);
			path = controller;
			sourceTree = "<group>";
		};
		91433BC71D938C5D00F1CBED /* view */ = {
			isa = PBXGroup;
			children = (
				912D4C1B1D9111DA00CD4FAF /* Setting.storyboard */,
			);
			path = view;
			sourceTree = "<group>";
		};
		9154356C1D8E90C3008C5D84 = {
			isa = PBXGroup;
			children = (
				915435771D8E90C3008C5D84 /* WeightAnalysis */,
				915435761D8E90C3008C5D84 /* Products */,
				912D4C231D9123B800CD4FAF /* Frameworks */,
			);
			sourceTree = "<group>";
		};
		915435761D8E90C3008C5D84 /* Products */ = {
			isa = PBXGroup;
			children = (
				915435751D8E90C3008C5D84 /* WeightAnalysis.app */,
			);
			name = Products;
			sourceTree = "<group>";
		};
		915435771D8E90C3008C5D84 /* WeightAnalysis */ = {
			isa = PBXGroup;
			children = (
				9154358B1D8E9413008C5D84 /* WeightAnalysisDocuments.playground */,
				912D4C141D9111AA00CD4FAF /* Main */,
				912D4C181D9111B300CD4FAF /* Expand */,
				91D7483D1D90CED4004C3100 /* Supportting */,
			);
			path = WeightAnalysis;
			sourceTree = "<group>";
		};
		91D7483D1D90CED4004C3100 /* Supportting */ = {
			isa = PBXGroup;
			children = (
				91E6EB6C1D9271BC0046403A /* WeightAnalysis-Bridging-Header.h */,
				9154357F1D8E90C4008C5D84 /* Assets.xcassets */,
				915435811D8E90C4008C5D84 /* LaunchScreen.storyboard */,
				915435841D8E90C4008C5D84 /* Info.plist */,
			);
			name = Supportting;
			sourceTree = "<group>";
		};
		91E6EB691D925F7F0046403A /* Utility */ = {
			isa = PBXGroup;
			children = (
				9133F87F1DABA11400BE6086 /* SwiftNotice.swift */,
				91E6EB6A1D925F9B0046403A /* Utility.swift */,
			);
			path = Utility;
			sourceTree = "<group>";
		};
/* End PBXGroup section */

/* Begin PBXNativeTarget section */
		915435741D8E90C3008C5D84 /* WeightAnalysis */ = {
			isa = PBXNativeTarget;
			buildConfigurationList = 915435871D8E90C4008C5D84 /* Build configuration list for PBXNativeTarget "WeightAnalysis" */;
			buildPhases = (
				915435711D8E90C3008C5D84 /* Sources */,
				915435721D8E90C3008C5D84 /* Frameworks */,
				915435731D8E90C3008C5D84 /* Resources */,
				912D4C261D9123C200CD4FAF /* ShellScript */,
			);
			buildRules = (
			);
			dependencies = (
			);
			name = WeightAnalysis;
			productName = WeightAnalysis;
			productReference = 915435751D8E90C3008C5D84 /* WeightAnalysis.app */;
			productType = "com.apple.product-type.application";
		};
/* End PBXNativeTarget section */

/* Begin PBXProject section */
		9154356D1D8E90C3008C5D84 /* Project object */ = {
			isa = PBXProject;
			attributes = {
				LastSwiftUpdateCheck = 0800;
				LastUpgradeCheck = 0800;
				ORGANIZATIONNAME = "赛峰 施";
				TargetAttributes = {
					915435741D8E90C3008C5D84 = {
						CreatedOnToolsVersion = 8.0;
						LastSwiftMigration = 0800;
						ProvisioningStyle = Manual;
					};
				};
			};
			buildConfigurationList = 915435701D8E90C3008C5D84 /* Build configuration list for PBXProject "WeightAnalysis" */;
			compatibilityVersion = "Xcode 3.2";
			developmentRegion = English;
			hasScannedForEncodings = 0;
			knownRegions = (
				en,
				Base,
			);
			mainGroup = 9154356C1D8E90C3008C5D84;
			productRefGroup = 915435761D8E90C3008C5D84 /* Products */;
			projectDirPath = "";
			projectRoot = "";
			targets = (
				915435741D8E90C3008C5D84 /* WeightAnalysis */,
			);
		};
/* End PBXProject section */

/* Begin PBXResourcesBuildPhase section */
		915435731D8E90C3008C5D84 /* Resources */ = {
			isa = PBXResourcesBuildPhase;
			buildActionMask = 2147483647;
			files = (
				915435831D8E90C4008C5D84 /* LaunchScreen.storyboard in Resources */,
				913BDC8E1D9106DB00CB3C3D /* Analyse.storyboard in Resources */,
				915435801D8E90C4008C5D84 /* Assets.xcassets in Resources */,
				9154357E1D8E90C4008C5D84 /* Main.storyboard in Resources */,
				912D4C1D1D9111DA00CD4FAF /* Record.storyboard in Resources */,
				912D4C1E1D9111DA00CD4FAF /* Setting.storyboard in Resources */,
			);
			runOnlyForDeploymentPostprocessing = 0;
		};
/* End PBXResourcesBuildPhase section */

/* Begin PBXShellScriptBuildPhase section */
		912D4C261D9123C200CD4FAF /* ShellScript */ = {
			isa = PBXShellScriptBuildPhase;
			buildActionMask = 2147483647;
			files = (
			);
			inputPaths = (
				"$(SRCROOT)/Carthage/Build/iOS/Alamofire.framework",
			);
			outputPaths = (
			);
			runOnlyForDeploymentPostprocessing = 0;
			shellPath = /bin/sh;
			shellScript = "/usr/local/bin/carthage copy-frameworks";
		};
/* End PBXShellScriptBuildPhase section */

/* Begin PBXSourcesBuildPhase section */
		915435711D8E90C3008C5D84 /* Sources */ = {
			isa = PBXSourcesBuildPhase;
			buildActionMask = 2147483647;
			files = (
				910A32FC1D9A773B00722C74 /* SSFMainTabBarViewController.swift in Sources */,
				9133F8761DAA381A00BE6086 /* WeightAnalysis.xcdatamodeld in Sources */,
				910A32FB1D9A773B00722C74 /* AppDelegate.swift in Sources */,
				9133F8841DAE0EEF00BE6086 /* LoginAndRegisterView.swift in Sources */,
				9133F8801DABA11400BE6086 /* SwiftNotice.swift in Sources */,
				9133F87D1DAA3CFC00BE6086 /* User+CoreDataClass.swift in Sources */,
				91E6EB6B1D925F9B0046403A /* Utility.swift in Sources */,
				9133F87C1DAA3CFC00BE6086 /* Record+CoreDataProperties.swift in Sources */,
				91433BC81D938C5D00F1CBED /* SSFSettingTableViewController.swift in Sources */,
				9133F8851DAE0EEF00BE6086 /* SSFSignInAndUpViewController.swift in Sources */,
				9133F87B1DAA3CFC00BE6086 /* Record+CoreDataClass.swift in Sources */,
				911459C61D912B770032DE44 /* ConstantValue.swift in Sources */,
				9133F87E1DAA3CFC00BE6086 /* User+CoreDataProperties.swift in Sources */,
				911459CA1D91393E0032DE44 /* FetchDataBrain.swift in Sources */,
				910A32F71D9A70BE00722C74 /* SSFSettingBrain.swift in Sources */,
			);
			runOnlyForDeploymentPostprocessing = 0;
		};
/* End PBXSourcesBuildPhase section */

/* Begin PBXVariantGroup section */
		912D4C191D9111DA00CD4FAF /* Record.storyboard */ = {
			isa = PBXVariantGroup;
			children = (
				912D4C1A1D9111DA00CD4FAF /* Base */,
			);
			name = Record.storyboard;
			path = ../..;
			sourceTree = "<group>";
		};
		912D4C1B1D9111DA00CD4FAF /* Setting.storyboard */ = {
			isa = PBXVariantGroup;
			children = (
				912D4C1C1D9111DA00CD4FAF /* Base */,
			);
			name = Setting.storyboard;
			path = ../../..;
			sourceTree = "<group>";
		};
		913BDC8C1D9106DB00CB3C3D /* Analyse.storyboard */ = {
			isa = PBXVariantGroup;
			children = (
				913BDC8D1D9106DB00CB3C3D /* Base */,
			);
			name = Analyse.storyboard;
			path = ../..;
			sourceTree = "<group>";
		};
		9154357C1D8E90C4008C5D84 /* Main.storyboard */ = {
			isa = PBXVariantGroup;
			children = (
				9154357D1D8E90C4008C5D84 /* Base */,
			);
			name = Main.storyboard;
			path = ../..;
			sourceTree = "<group>";
		};
		915435811D8E90C4008C5D84 /* LaunchScreen.storyboard */ = {
			isa = PBXVariantGroup;
			children = (
				915435821D8E90C4008C5D84 /* Base */,
			);
			name = LaunchScreen.storyboard;
			sourceTree = "<group>";
		};
/* End PBXVariantGroup section */

/* Begin XCBuildConfiguration section */
		915435851D8E90C4008C5D84 /* Debug */ = {
			isa = XCBuildConfiguration;
			buildSettings = {
				ALWAYS_SEARCH_USER_PATHS = NO;
				CLANG_ANALYZER_NONNULL = YES;
				CLANG_CXX_LANGUAGE_STANDARD = "gnu++0x";
				CLANG_CXX_LIBRARY = "libc++";
				CLANG_ENABLE_MODULES = YES;
				CLANG_ENABLE_OBJC_ARC = YES;
				CLANG_WARN_BOOL_CONVERSION = YES;
				CLANG_WARN_CONSTANT_CONVERSION = YES;
				CLANG_WARN_DIRECT_OBJC_ISA_USAGE = YES_ERROR;
				CLANG_WARN_DOCUMENTATION_COMMENTS = YES;
				CLANG_WARN_EMPTY_BODY = YES;
				CLANG_WARN_ENUM_CONVERSION = YES;
				CLANG_WARN_INFINITE_RECURSION = YES;
				CLANG_WARN_INT_CONVERSION = YES;
				CLANG_WARN_OBJC_ROOT_CLASS = YES_ERROR;
				CLANG_WARN_SUSPICIOUS_MOVES = YES;
				CLANG_WARN_UNREACHABLE_CODE = YES;
				CLANG_WARN__DUPLICATE_METHOD_MATCH = YES;
				"CODE_SIGN_IDENTITY[sdk=iphoneos*]" = "iPhone Developer";
				COPY_PHASE_STRIP = NO;
				DEBUG_INFORMATION_FORMAT = dwarf;
				ENABLE_STRICT_OBJC_MSGSEND = YES;
				ENABLE_TESTABILITY = YES;
				GCC_C_LANGUAGE_STANDARD = gnu99;
				GCC_DYNAMIC_NO_PIC = NO;
				GCC_NO_COMMON_BLOCKS = YES;
				GCC_OPTIMIZATION_LEVEL = 0;
				GCC_PREPROCESSOR_DEFINITIONS = (
					"DEBUG=1",
					"$(inherited)",
				);
				GCC_WARN_64_TO_32_BIT_CONVERSION = YES;
				GCC_WARN_ABOUT_RETURN_TYPE = YES_ERROR;
				GCC_WARN_UNDECLARED_SELECTOR = YES;
				GCC_WARN_UNINITIALIZED_AUTOS = YES_AGGRESSIVE;
				GCC_WARN_UNUSED_FUNCTION = YES;
				GCC_WARN_UNUSED_VARIABLE = YES;
				IPHONEOS_DEPLOYMENT_TARGET = 10.0;
				MTL_ENABLE_DEBUG_INFO = YES;
				ONLY_ACTIVE_ARCH = YES;
				SDKROOT = iphoneos;
				SWIFT_ACTIVE_COMPILATION_CONDITIONS = DEBUG;
				SWIFT_OPTIMIZATION_LEVEL = "-Onone";
				TARGETED_DEVICE_FAMILY = "1,2";
			};
			name = Debug;
		};
		915435861D8E90C4008C5D84 /* Release */ = {
			isa = XCBuildConfiguration;
			buildSettings = {
				ALWAYS_SEARCH_USER_PATHS = NO;
				CLANG_ANALYZER_NONNULL = YES;
				CLANG_CXX_LANGUAGE_STANDARD = "gnu++0x";
				CLANG_CXX_LIBRARY = "libc++";
				CLANG_ENABLE_MODULES = YES;
				CLANG_ENABLE_OBJC_ARC = YES;
				CLANG_WARN_BOOL_CONVERSION = YES;
				CLANG_WARN_CONSTANT_CONVERSION = YES;
				CLANG_WARN_DIRECT_OBJC_ISA_USAGE = YES_ERROR;
				CLANG_WARN_DOCUMENTATION_COMMENTS = YES;
				CLANG_WARN_EMPTY_BODY = YES;
				CLANG_WARN_ENUM_CONVERSION = YES;
				CLANG_WARN_INFINITE_RECURSION = YES;
				CLANG_WARN_INT_CONVERSION = YES;
				CLANG_WARN_OBJC_ROOT_CLASS = YES_ERROR;
				CLANG_WARN_SUSPICIOUS_MOVES = YES;
				CLANG_WARN_UNREACHABLE_CODE = YES;
				CLANG_WARN__DUPLICATE_METHOD_MATCH = YES;
				"CODE_SIGN_IDENTITY[sdk=iphoneos*]" = "iPhone Developer";
				COPY_PHASE_STRIP = NO;
				DEBUG_INFORMATION_FORMAT = "dwarf-with-dsym";
				ENABLE_NS_ASSERTIONS = NO;
				ENABLE_STRICT_OBJC_MSGSEND = YES;
				GCC_C_LANGUAGE_STANDARD = gnu99;
				GCC_NO_COMMON_BLOCKS = YES;
				GCC_WARN_64_TO_32_BIT_CONVERSION = YES;
				GCC_WARN_ABOUT_RETURN_TYPE = YES_ERROR;
				GCC_WARN_UNDECLARED_SELECTOR = YES;
				GCC_WARN_UNINITIALIZED_AUTOS = YES_AGGRESSIVE;
				GCC_WARN_UNUSED_FUNCTION = YES;
				GCC_WARN_UNUSED_VARIABLE = YES;
				IPHONEOS_DEPLOYMENT_TARGET = 10.0;
				MTL_ENABLE_DEBUG_INFO = NO;
				SDKROOT = iphoneos;
				SWIFT_OPTIMIZATION_LEVEL = "-Owholemodule";
				TARGETED_DEVICE_FAMILY = "1,2";
				VALIDATE_PRODUCT = YES;
			};
			name = Release;
		};
		915435881D8E90C4008C5D84 /* Debug */ = {
			isa = XCBuildConfiguration;
			buildSettings = {
				ASSETCATALOG_COMPILER_APPICON_NAME = AppIcon;
				CLANG_ENABLE_MODULES = YES;
				DEVELOPMENT_TEAM = "";
				FRAMEWORK_SEARCH_PATHS = (
					"$(inherited)",
					"$(PROJECT_DIR)/Carthage/Build/iOS",
				);
				INFOPLIST_FILE = WeightAnalysis/Info.plist;
				LD_RUNPATH_SEARCH_PATHS = "$(inherited) @executable_path/Frameworks";
				PRODUCT_BUNDLE_IDENTIFIER = com.ssf.WeightAnalysis;
				PRODUCT_NAME = "$(TARGET_NAME)";
				SWIFT_OBJC_BRIDGING_HEADER = "WeightAnalysis/Main/WeightAnalysis-Bridging-Header.h";
				SWIFT_OPTIMIZATION_LEVEL = "-Onone";
				SWIFT_VERSION = 3.0;
				TARGETED_DEVICE_FAMILY = 1;
			};
			name = Debug;
		};
		915435891D8E90C4008C5D84 /* Release */ = {
			isa = XCBuildConfiguration;
			buildSettings = {
				ASSETCATALOG_COMPILER_APPICON_NAME = AppIcon;
				CLANG_ENABLE_MODULES = YES;
				DEVELOPMENT_TEAM = "";
				FRAMEWORK_SEARCH_PATHS = (
					"$(inherited)",
					"$(PROJECT_DIR)/Carthage/Build/iOS",
				);
				INFOPLIST_FILE = WeightAnalysis/Info.plist;
				LD_RUNPATH_SEARCH_PATHS = "$(inherited) @executable_path/Frameworks";
				PRODUCT_BUNDLE_IDENTIFIER = com.ssf.WeightAnalysis;
				PRODUCT_NAME = "$(TARGET_NAME)";
				SWIFT_OBJC_BRIDGING_HEADER = "WeightAnalysis/Main/WeightAnalysis-Bridging-Header.h";
				SWIFT_VERSION = 3.0;
				TARGETED_DEVICE_FAMILY = 1;
			};
			name = Release;
		};
/* End XCBuildConfiguration section */

/* Begin XCConfigurationList section */
		915435701D8E90C3008C5D84 /* Build configuration list for PBXProject "WeightAnalysis" */ = {
			isa = XCConfigurationList;
			buildConfigurations = (
				915435851D8E90C4008C5D84 /* Debug */,
				915435861D8E90C4008C5D84 /* Release */,
			);
			defaultConfigurationIsVisible = 0;
			defaultConfigurationName = Release;
		};
		915435871D8E90C4008C5D84 /* Build configuration list for PBXNativeTarget "WeightAnalysis" */ = {
			isa = XCConfigurationList;
			buildConfigurations = (
				915435881D8E90C4008C5D84 /* Debug */,
				915435891D8E90C4008C5D84 /* Release */,
			);
			defaultConfigurationIsVisible = 0;
			defaultConfigurationName = Release;
		};
/* End XCConfigurationList section */

/* Begin XCVersionGroup section */
		9133F8741DAA381A00BE6086 /* WeightAnalysis.xcdatamodeld */ = {
			isa = XCVersionGroup;
			children = (
				9133F8751DAA381A00BE6086 /* WeightAnalysis.xcdatamodel */,
			);
			currentVersion = 9133F8751DAA381A00BE6086 /* WeightAnalysis.xcdatamodel */;
			path = WeightAnalysis.xcdatamodeld;
			sourceTree = "<group>";
			versionGroupType = wrapper.xcdatamodel;
		};
/* End XCVersionGroup section */
	};
	rootObject = 9154356D1D8E90C3008C5D84 /* Project object */;
}
